// !$*UTF8*$!
{
	archiveVersion = 1;
	classes = {
	};
	objectVersion = 55;
	objects = {

/* Begin PBXBuildFile section */
		BB4BD5E92948C1CE008E3A1E /* KeychainAccess in Frameworks */ = {isa = PBXBuildFile; productRef = BB4BD5E82948C1CE008E3A1E /* KeychainAccess */; };
		BB4BD5EB294932B6008E3A1E /* SelectedPhotoController.swift in Sources */ = {isa = PBXBuildFile; fileRef = BB4BD5EA294932B6008E3A1E /* SelectedPhotoController.swift */; };
		BBB146A92946046900E0CDB7 /* AppDelegate.swift in Sources */ = {isa = PBXBuildFile; fileRef = BBB146A82946046900E0CDB7 /* AppDelegate.swift */; };
		BBB146AB2946046900E0CDB7 /* SceneDelegate.swift in Sources */ = {isa = PBXBuildFile; fileRef = BBB146AA2946046900E0CDB7 /* SceneDelegate.swift */; };
		BBB146AD2946046900E0CDB7 /* FileViewController.swift in Sources */ = {isa = PBXBuildFile; fileRef = BBB146AC2946046900E0CDB7 /* FileViewController.swift */; };
		BBB146B22946046B00E0CDB7 /* Assets.xcassets in Resources */ = {isa = PBXBuildFile; fileRef = BBB146B12946046B00E0CDB7 /* Assets.xcassets */; };
		BBB146B52946046B00E0CDB7 /* LaunchScreen.storyboard in Resources */ = {isa = PBXBuildFile; fileRef = BBB146B32946046B00E0CDB7 /* LaunchScreen.storyboard */; };
		BBB146BD2946061400E0CDB7 /* TabBarController.swift in Sources */ = {isa = PBXBuildFile; fileRef = BBB146BC2946061400E0CDB7 /* TabBarController.swift */; };
		BBB146BF294606C800E0CDB7 /* NavBarController.swift in Sources */ = {isa = PBXBuildFile; fileRef = BBB146BE294606C800E0CDB7 /* NavBarController.swift */; };
		BBB146C12946074900E0CDB7 /* SettingsViewController.swift in Sources */ = {isa = PBXBuildFile; fileRef = BBB146C02946074900E0CDB7 /* SettingsViewController.swift */; };
		BBB146C32946211A00E0CDB7 /* TextPicker.swift in Sources */ = {isa = PBXBuildFile; fileRef = BBB146C22946211A00E0CDB7 /* TextPicker.swift */; };
		BBB146C92948BBBE00E0CDB7 /* LoginViewController.swift in Sources */ = {isa = PBXBuildFile; fileRef = BBB146C82948BBBD00E0CDB7 /* LoginViewController.swift */; };
/* End PBXBuildFile section */

/* Begin PBXFileReference section */
		BB4BD5EA294932B6008E3A1E /* SelectedPhotoController.swift */ = {isa = PBXFileReference; lastKnownFileType = sourcecode.swift; path = SelectedPhotoController.swift; sourceTree = "<group>"; };
		BBB146A52946046900E0CDB7 /* Sandbox. FileManager.app */ = {isa = PBXFileReference; explicitFileType = wrapper.application; includeInIndex = 0; path = "Sandbox. FileManager.app"; sourceTree = BUILT_PRODUCTS_DIR; };
		BBB146A82946046900E0CDB7 /* AppDelegate.swift */ = {isa = PBXFileReference; lastKnownFileType = sourcecode.swift; path = AppDelegate.swift; sourceTree = "<group>"; };
		BBB146AA2946046900E0CDB7 /* SceneDelegate.swift */ = {isa = PBXFileReference; lastKnownFileType = sourcecode.swift; path = SceneDelegate.swift; sourceTree = "<group>"; };
		BBB146AC2946046900E0CDB7 /* FileViewController.swift */ = {isa = PBXFileReference; lastKnownFileType = sourcecode.swift; path = FileViewController.swift; sourceTree = "<group>"; };
		BBB146B12946046B00E0CDB7 /* Assets.xcassets */ = {isa = PBXFileReference; lastKnownFileType = folder.assetcatalog; path = Assets.xcassets; sourceTree = "<group>"; };
		BBB146B42946046B00E0CDB7 /* Base */ = {isa = PBXFileReference; lastKnownFileType = file.storyboard; name = Base; path = Base.lproj/LaunchScreen.storyboard; sourceTree = "<group>"; };
		BBB146B62946046B00E0CDB7 /* Info.plist */ = {isa = PBXFileReference; lastKnownFileType = text.plist.xml; path = Info.plist; sourceTree = "<group>"; };
		BBB146BC2946061400E0CDB7 /* TabBarController.swift */ = {isa = PBXFileReference; lastKnownFileType = sourcecode.swift; path = TabBarController.swift; sourceTree = "<group>"; };
		BBB146BE294606C800E0CDB7 /* NavBarController.swift */ = {isa = PBXFileReference; lastKnownFileType = sourcecode.swift; path = NavBarController.swift; sourceTree = "<group>"; };
		BBB146C02946074900E0CDB7 /* SettingsViewController.swift */ = {isa = PBXFileReference; lastKnownFileType = sourcecode.swift; path = SettingsViewController.swift; sourceTree = "<group>"; };
		BBB146C22946211A00E0CDB7 /* TextPicker.swift */ = {isa = PBXFileReference; lastKnownFileType = sourcecode.swift; path = TextPicker.swift; sourceTree = "<group>"; };
		BBB146C82948BBBD00E0CDB7 /* LoginViewController.swift */ = {isa = PBXFileReference; lastKnownFileType = sourcecode.swift; path = LoginViewController.swift; sourceTree = "<group>"; };
/* End PBXFileReference section */

/* Begin PBXFrameworksBuildPhase section */
		BBB146A22946046900E0CDB7 /* Frameworks */ = {
			isa = PBXFrameworksBuildPhase;
			buildActionMask = 2147483647;
			files = (
				BB4BD5E92948C1CE008E3A1E /* KeychainAccess in Frameworks */,
			);
			runOnlyForDeploymentPostprocessing = 0;
		};
/* End PBXFrameworksBuildPhase section */

/* Begin PBXGroup section */
		BBB1469C2946046900E0CDB7 = {
			isa = PBXGroup;
			children = (
				BBB146A72946046900E0CDB7 /* Sandbox. FileManager */,
				BBB146A62946046900E0CDB7 /* Products */,
			);
			sourceTree = "<group>";
		};
		BBB146A62946046900E0CDB7 /* Products */ = {
			isa = PBXGroup;
			children = (
				BBB146A52946046900E0CDB7 /* Sandbox. FileManager.app */,
			);
			name = Products;
			sourceTree = "<group>";
		};
		BBB146A72946046900E0CDB7 /* Sandbox. FileManager */ = {
			isa = PBXGroup;
			children = (
				BBB146C22946211A00E0CDB7 /* TextPicker.swift */,
				BBB146C72948BAD000E0CDB7 /* Controllers */,
				BBB146C62948BAB400E0CDB7 /* Navigations */,
				BBB146A82946046900E0CDB7 /* AppDelegate.swift */,
				BBB146AA2946046900E0CDB7 /* SceneDelegate.swift */,
				BBB146B12946046B00E0CDB7 /* Assets.xcassets */,
				BBB146B32946046B00E0CDB7 /* LaunchScreen.storyboard */,
				BBB146B62946046B00E0CDB7 /* Info.plist */,
			);
			path = "Sandbox. FileManager";
			sourceTree = "<group>";
		};
		BBB146C62948BAB400E0CDB7 /* Navigations */ = {
			isa = PBXGroup;
			children = (
				BBB146BE294606C800E0CDB7 /* NavBarController.swift */,
				BBB146BC2946061400E0CDB7 /* TabBarController.swift */,
			);
			path = Navigations;
			sourceTree = "<group>";
		};
		BBB146C72948BAD000E0CDB7 /* Controllers */ = {
			isa = PBXGroup;
			children = (
				BBB146AC2946046900E0CDB7 /* FileViewController.swift */,
				BBB146C02946074900E0CDB7 /* SettingsViewController.swift */,
				BBB146C82948BBBD00E0CDB7 /* LoginViewController.swift */,
				BB4BD5EA294932B6008E3A1E /* SelectedPhotoController.swift */,
			);
			path = Controllers;
			sourceTree = "<group>";
		};
/* End PBXGroup section */

/* Begin PBXNativeTarget section */
		BBB146A42946046900E0CDB7 /* Sandbox. FileManager */ = {
			isa = PBXNativeTarget;
			buildConfigurationList = BBB146B92946046B00E0CDB7 /* Build configuration list for PBXNativeTarget "Sandbox. FileManager" */;
			buildPhases = (
				BBB146A12946046900E0CDB7 /* Sources */,
				BBB146A22946046900E0CDB7 /* Frameworks */,
				BBB146A32946046900E0CDB7 /* Resources */,
			);
			buildRules = (
			);
			dependencies = (
			);
			name = "Sandbox. FileManager";
			packageProductDependencies = (
				BB4BD5E82948C1CE008E3A1E /* KeychainAccess */,
			);
			productName = "Sandbox. FileManager";
			productReference = BBB146A52946046900E0CDB7 /* Sandbox. FileManager.app */;
			productType = "com.apple.product-type.application";
		};
/* End PBXNativeTarget section */

/* Begin PBXProject section */
		BBB1469D2946046900E0CDB7 /* Project object */ = {
			isa = PBXProject;
			attributes = {
				BuildIndependentTargetsInParallel = 1;
				LastSwiftUpdateCheck = 1340;
				LastUpgradeCheck = 1340;
				TargetAttributes = {
					BBB146A42946046900E0CDB7 = {
						CreatedOnToolsVersion = 13.4.1;
					};
				};
			};
			buildConfigurationList = BBB146A02946046900E0CDB7 /* Build configuration list for PBXProject "Sandbox. FileManager" */;
			compatibilityVersion = "Xcode 13.0";
			developmentRegion = en;
			hasScannedForEncodings = 0;
			knownRegions = (
				en,
				Base,
			);
			mainGroup = BBB1469C2946046900E0CDB7;
			packageReferences = (
				BB4BD5E72948C1CE008E3A1E /* XCRemoteSwiftPackageReference "KeychainAccess" */,
			);
			productRefGroup = BBB146A62946046900E0CDB7 /* Products */;
			projectDirPath = "";
			projectRoot = "";
			targets = (
				BBB146A42946046900E0CDB7 /* Sandbox. FileManager */,
			);
		};
/* End PBXProject section */

/* Begin PBXResourcesBuildPhase section */
		BBB146A32946046900E0CDB7 /* Resources */ = {
			isa = PBXResourcesBuildPhase;
			buildActionMask = 2147483647;
			files = (
				BBB146B52946046B00E0CDB7 /* LaunchScreen.storyboard in Resources */,
				BBB146B22946046B00E0CDB7 /* Assets.xcassets in Resources */,
			);
			runOnlyForDeploymentPostprocessing = 0;
		};
/* End PBXResourcesBuildPhase section */

/* Begin PBXSourcesBuildPhase section */
		BBB146A12946046900E0CDB7 /* Sources */ = {
			isa = PBXSourcesBuildPhase;
			buildActionMask = 2147483647;
			files = (
				BBB146C12946074900E0CDB7 /* SettingsViewController.swift in Sources */,
				BBB146AD2946046900E0CDB7 /* FileViewController.swift in Sources */,
				BBB146C32946211A00E0CDB7 /* TextPicker.swift in Sources */,
				BBB146BD2946061400E0CDB7 /* TabBarController.swift in Sources */,
				BBB146C92948BBBE00E0CDB7 /* LoginViewController.swift in Sources */,
				BBB146A92946046900E0CDB7 /* AppDelegate.swift in Sources */,
				BBB146BF294606C800E0CDB7 /* NavBarController.swift in Sources */,
				BBB146AB2946046900E0CDB7 /* SceneDelegate.swift in Sources */,
				BB4BD5EB294932B6008E3A1E /* SelectedPhotoController.swift in Sources */,
			);
			runOnlyForDeploymentPostprocessing = 0;
		};
/* End PBXSourcesBuildPhase section */

/* Begin PBXVariantGroup section */
		BBB146B32946046B00E0CDB7 /* LaunchScreen.storyboard */ = {
			isa = PBXVariantGroup;
			children = (
				BBB146B42946046B00E0CDB7 /* Base */,
			);
			name = LaunchScreen.storyboard;
			sourceTree = "<group>";
		};
/* End PBXVariantGroup section */

/* Begin XCBuildConfiguration section */
		BBB146B72946046B00E0CDB7 /* Debug */ = {
			isa = XCBuildConfiguration;
			buildSettings = {
				ALWAYS_SEARCH_USER_PATHS = NO;
				CLANG_ANALYZER_NONNULL = YES;
				CLANG_ANALYZER_NUMBER_OBJECT_CONVERSION = YES_AGGRESSIVE;
				CLANG_CXX_LANGUAGE_STANDARD = "gnu++17";
				CLANG_ENABLE_MODULES = YES;
				CLANG_ENABLE_OBJC_ARC = YES;
				CLANG_ENABLE_OBJC_WEAK = YES;
				CLANG_WARN_BLOCK_CAPTURE_AUTORELEASING = YES;
				CLANG_WARN_BOOL_CONVERSION = YES;
				CLANG_WARN_COMMA = YES;
				CLANG_WARN_CONSTANT_CONVERSION = YES;
				CLANG_WARN_DEPRECATED_OBJC_IMPLEMENTATIONS = YES;
				CLANG_WARN_DIRECT_OBJC_ISA_USAGE = YES_ERROR;
				CLANG_WARN_DOCUMENTATION_COMMENTS = YES;
				CLANG_WARN_EMPTY_BODY = YES;
				CLANG_WARN_ENUM_CONVERSION = YES;
				CLANG_WARN_INFINITE_RECURSION = YES;
				CLANG_WARN_INT_CONVERSION = YES;
				CLANG_WARN_NON_LITERAL_NULL_CONVERSION = YES;
				CLANG_WARN_OBJC_IMPLICIT_RETAIN_SELF = YES;
				CLANG_WARN_OBJC_LITERAL_CONVERSION = YES;
				CLANG_WARN_OBJC_ROOT_CLASS = YES_ERROR;
				CLANG_WARN_QUOTED_INCLUDE_IN_FRAMEWORK_HEADER = YES;
				CLANG_WARN_RANGE_LOOP_ANALYSIS = YES;
				CLANG_WARN_STRICT_PROTOTYPES = YES;
				CLANG_WARN_SUSPICIOUS_MOVE = YES;
				CLANG_WARN_UNGUARDED_AVAILABILITY = YES_AGGRESSIVE;
				CLANG_WARN_UNREACHABLE_CODE = YES;
				CLANG_WARN__DUPLICATE_METHOD_MATCH = YES;
				COPY_PHASE_STRIP = NO;
				DEBUG_INFORMATION_FORMAT = dwarf;
				ENABLE_STRICT_OBJC_MSGSEND = YES;
				ENABLE_TESTABILITY = YES;
				GCC_C_LANGUAGE_STANDARD = gnu11;
				GCC_DYNAMIC_NO_PIC = NO;
				GCC_NO_COMMON_BLOCKS = YES;
				GCC_OPTIMIZATION_LEVEL = 0;
				GCC_PREPROCESSOR_DEFINITIONS = (
					"DEBUG=1",
					"$(inherited)",
				);
				GCC_WARN_64_TO_32_BIT_CONVERSION = YES;
				GCC_WARN_ABOUT_RETURN_TYPE = YES_ERROR;
				GCC_WARN_UNDECLARED_SELECTOR = YES;
				GCC_WARN_UNINITIALIZED_AUTOS = YES_AGGRESSIVE;
				GCC_WARN_UNUSED_FUNCTION = YES;
				GCC_WARN_UNUSED_VARIABLE = YES;
				IPHONEOS_DEPLOYMENT_TARGET = 15.5;
				MTL_ENABLE_DEBUG_INFO = INCLUDE_SOURCE;
				MTL_FAST_MATH = YES;
				ONLY_ACTIVE_ARCH = YES;
				SDKROOT = iphoneos;
				SWIFT_ACTIVE_COMPILATION_CONDITIONS = DEBUG;
				SWIFT_OPTIMIZATION_LEVEL = "-Onone";
			};
			name = Debug;
		};
		BBB146B82946046B00E0CDB7 /* Release */ = {
			isa = XCBuildConfiguration;
			buildSettings = {
				ALWAYS_SEARCH_USER_PATHS = NO;
				CLANG_ANALYZER_NONNULL = YES;
				CLANG_ANALYZER_NUMBER_OBJECT_CONVERSION = YES_AGGRESSIVE;
				CLANG_CXX_LANGUAGE_STANDARD = "gnu++17";
				CLANG_ENABLE_MODULES = YES;
				CLANG_ENABLE_OBJC_ARC = YES;
				CLANG_ENABLE_OBJC_WEAK = YES;
				CLANG_WARN_BLOCK_CAPTURE_AUTORELEASING = YES;
				CLANG_WARN_BOOL_CONVERSION = YES;
				CLANG_WARN_COMMA = YES;
				CLANG_WARN_CONSTANT_CONVERSION = YES;
				CLANG_WARN_DEPRECATED_OBJC_IMPLEMENTATIONS = YES;
				CLANG_WARN_DIRECT_OBJC_ISA_USAGE = YES_ERROR;
				CLANG_WARN_DOCUMENTATION_COMMENTS = YES;
				CLANG_WARN_EMPTY_BODY = YES;
				CLANG_WARN_ENUM_CONVERSION = YES;
				CLANG_WARN_INFINITE_RECURSION = YES;
				CLANG_WARN_INT_CONVERSION = YES;
				CLANG_WARN_NON_LITERAL_NULL_CONVERSION = YES;
				CLANG_WARN_OBJC_IMPLICIT_RETAIN_SELF = YES;
				CLANG_WARN_OBJC_LITERAL_CONVERSION = YES;
				CLANG_WARN_OBJC_ROOT_CLASS = YES_ERROR;
				CLANG_WARN_QUOTED_INCLUDE_IN_FRAMEWORK_HEADER = YES;
				CLANG_WARN_RANGE_LOOP_ANALYSIS = YES;
				CLANG_WARN_STRICT_PROTOTYPES = YES;
				CLANG_WARN_SUSPICIOUS_MOVE = YES;
				CLANG_WARN_UNGUARDED_AVAILABILITY = YES_AGGRESSIVE;
				CLANG_WARN_UNREACHABLE_CODE = YES;
				CLANG_WARN__DUPLICATE_METHOD_MATCH = YES;
				COPY_PHASE_STRIP = NO;
				DEBUG_INFORMATION_FORMAT = "dwarf-with-dsym";
				ENABLE_NS_ASSERTIONS = NO;
				ENABLE_STRICT_OBJC_MSGSEND = YES;
				GCC_C_LANGUAGE_STANDARD = gnu11;
				GCC_NO_COMMON_BLOCKS = YES;
				GCC_WARN_64_TO_32_BIT_CONVERSION = YES;
				GCC_WARN_ABOUT_RETURN_TYPE = YES_ERROR;
				GCC_WARN_UNDECLARED_SELECTOR = YES;
				GCC_WARN_UNINITIALIZED_AUTOS = YES_AGGRESSIVE;
				GCC_WARN_UNUSED_FUNCTION = YES;
				GCC_WARN_UNUSED_VARIABLE = YES;
				IPHONEOS_DEPLOYMENT_TARGET = 15.5;
				MTL_ENABLE_DEBUG_INFO = NO;
				MTL_FAST_MATH = YES;
				SDKROOT = iphoneos;
				SWIFT_COMPILATION_MODE = wholemodule;
				SWIFT_OPTIMIZATION_LEVEL = "-O";
				VALIDATE_PRODUCT = YES;
			};
			name = Release;
		};
		BBB146BA2946046B00E0CDB7 /* Debug */ = {
			isa = XCBuildConfiguration;
			buildSettings = {
				ASSETCATALOG_COMPILER_APPICON_NAME = AppIcon;
				ASSETCATALOG_COMPILER_GLOBAL_ACCENT_COLOR_NAME = AccentColor;
				CODE_SIGN_STYLE = Automatic;
				CURRENT_PROJECT_VERSION = 1;
				DEVELOPMENT_TEAM = B7CXNVY8HL;
				GENERATE_INFOPLIST_FILE = YES;
				INFOPLIST_FILE = "Sandbox. FileManager/Info.plist";
				INFOPLIST_KEY_UIApplicationSupportsIndirectInputEvents = YES;
				INFOPLIST_KEY_UILaunchStoryboardName = LaunchScreen;
				INFOPLIST_KEY_UISupportedInterfaceOrientations_iPad = "UIInterfaceOrientationPortrait UIInterfaceOrientationPortraitUpsideDown UIInterfaceOrientationLandscapeLeft UIInterfaceOrientationLandscapeRight";
				INFOPLIST_KEY_UISupportedInterfaceOrientations_iPhone = "UIInterfaceOrientationPortrait UIInterfaceOrientationLandscapeLeft UIInterfaceOrientationLandscapeRight";
				LD_RUNPATH_SEARCH_PATHS = (
					"$(inherited)",
					"@executable_path/Frameworks",
				);
				MARKETING_VERSION = 1.0;
				PRODUCT_BUNDLE_IDENTIFIER = "casporator123-gmail.com.Sandbox--FileManager";
				PRODUCT_NAME = "$(TARGET_NAME)";
				SWIFT_EMIT_LOC_STRINGS = YES;
				SWIFT_VERSION = 5.0;
				TARGETED_DEVICE_FAMILY = "1,2";
			};
			name = Debug;
		};
		BBB146BB2946046B00E0CDB7 /* Release */ = {
			isa = XCBuildConfiguration;
			buildSettings = {
				ASSETCATALOG_COMPILER_APPICON_NAME = AppIcon;
				ASSETCATALOG_COMPILER_GLOBAL_ACCENT_COLOR_NAME = AccentColor;
				CODE_SIGN_STYLE = Automatic;
				CURRENT_PROJECT_VERSION = 1;
				DEVELOPMENT_TEAM = B7CXNVY8HL;
				GENERATE_INFOPLIST_FILE = YES;
				INFOPLIST_FILE = "Sandbox. FileManager/Info.plist";
				INFOPLIST_KEY_UIApplicationSupportsIndirectInputEvents = YES;
				INFOPLIST_KEY_UILaunchStoryboardName = LaunchScreen;
				INFOPLIST_KEY_UISupportedInterfaceOrientations_iPad = "UIInterfaceOrientationPortrait UIInterfaceOrientationPortraitUpsideDown UIInterfaceOrientationLandscapeLeft UIInterfaceOrientationLandscapeRight";
				INFOPLIST_KEY_UISupportedInterfaceOrientations_iPhone = "UIInterfaceOrientationPortrait UIInterfaceOrientationLandscapeLeft UIInterfaceOrientationLandscapeRight";
				LD_RUNPATH_SEARCH_PATHS = (
					"$(inherited)",
					"@executable_path/Frameworks",
				);
				MARKETING_VERSION = 1.0;
				PRODUCT_BUNDLE_IDENTIFIER = "casporator123-gmail.com.Sandbox--FileManager";
				PRODUCT_NAME = "$(TARGET_NAME)";
				SWIFT_EMIT_LOC_STRINGS = YES;
				SWIFT_VERSION = 5.0;
				TARGETED_DEVICE_FAMILY = "1,2";
			};
			name = Release;
		};
/* End XCBuildConfiguration section */

/* Begin XCConfigurationList section */
		BBB146A02946046900E0CDB7 /* Build configuration list for PBXProject "Sandbox. FileManager" */ = {
			isa = XCConfigurationList;
			buildConfigurations = (
				BBB146B72946046B00E0CDB7 /* Debug */,
				BBB146B82946046B00E0CDB7 /* Release */,
			);
			defaultConfigurationIsVisible = 0;
			defaultConfigurationName = Release;
		};
		BBB146B92946046B00E0CDB7 /* Build configuration list for PBXNativeTarget "Sandbox. FileManager" */ = {
			isa = XCConfigurationList;
			buildConfigurations = (
				BBB146BA2946046B00E0CDB7 /* Debug */,
				BBB146BB2946046B00E0CDB7 /* Release */,
			);
			defaultConfigurationIsVisible = 0;
			defaultConfigurationName = Release;
		};
/* End XCConfigurationList section */

/* Begin XCRemoteSwiftPackageReference section */
		BB4BD5E72948C1CE008E3A1E /* XCRemoteSwiftPackageReference "KeychainAccess" */ = {
			isa = XCRemoteSwiftPackageReference;
			repositoryURL = "https://github.com/kishikawakatsumi/KeychainAccess";
			requirement = {
				kind = upToNextMajorVersion;
				minimumVersion = 4.2.2;
			};
		};
/* End XCRemoteSwiftPackageReference section */

/* Begin XCSwiftPackageProductDependency section */
		BB4BD5E82948C1CE008E3A1E /* KeychainAccess */ = {
			isa = XCSwiftPackageProductDependency;
			package = BB4BD5E72948C1CE008E3A1E /* XCRemoteSwiftPackageReference "KeychainAccess" */;
			productName = KeychainAccess;
		};
/* End XCSwiftPackageProductDependency section */
	};
	rootObject = BBB1469D2946046900E0CDB7 /* Project object */;
}
